
Microsoft Visual Studio Solution File, Format Version 12.00
# Visual Studio Version 17
VisualStudioVersion = 17.14.37012.4 d17.14
MinimumVisualStudioVersion = 10.0.40219.1
Project("{FAE04EC0-301F-11D3-BF4B-00C04F79EFBC}") = "CoffeeShop", "CoffeeShop\CoffeeShop.csproj", "{FAB28683-242A-4746-AB61-252B7E5CC15F}"
EndProject
Global
	GlobalSection(SolutionConfigurationPlatforms) = preSolution
		Debug|Any CPU = Debug|Any CPU
		Release|Any CPU = Release|Any CPU
	EndGlobalSection
	GlobalSection(ProjectConfigurationPlatforms) = postSolution
		{FAB28683-242A-4746-AB61-252B7E5CC15F}.Debug|Any CPU.ActiveCfg = Debug|Any CPU
		{FAB28683-242A-4746-AB61-252B7E5CC15F}.Debug|Any CPU.Build.0 = Debug|Any CPU
		{FAB28683-242A-4746-AB61-252B7E5CC15F}.Release|Any CPU.ActiveCfg = Release|Any CPU
		{FAB28683-242A-4746-AB61-252B7E5CC15F}.Release|Any CPU.Build.0 = Release|Any CPU
	EndGlobalSection
	GlobalSection(SolutionProperties) = preSolution
		HideSolutionNode = FALSE
	EndGlobalSection
	GlobalSection(ExtensibilityGlobals) = postSolution
		SolutionGuid = {F7FDBE8B-F525-4004-953B-89415FA1E4CF}
	EndGlobalSection
EndGlobal
